
Microsoft Visual Studio Solution File, Format Version 12.00
# Visual Studio Version 18
VisualStudioVersion = 18.3.11218.70
MinimumVisualStudioVersion = 10.0.40219.1
Project("{2150E333-8FDC-42A3-9474-1A3956D46DE8}") = "PostService", "PostService", "{02EA681E-C7D8-13C7-8484-4AC65E1B71E8}"
EndProject
Project("{2150E333-8FDC-42A3-9474-1A3956D46DE8}") = "BlobService", "BlobService", "{44190F96-4EED-4AE7-92FC-1255F0D865D9}"
EndProject
Project("{FAE04EC0-301F-11D3-BF4B-00C04F79EFBC}") = "BlobService.Api", "BlobService\BlobService.Api\BlobService.Api.csproj", "{1C4DC52F-2E87-4963-9120-341B27044457}"
EndProject
Project("{FAE04EC0-301F-11D3-BF4B-00C04F79EFBC}") = "Shared", "Shared\Shared.csproj", "{EFD0BA2C-8541-41D6-B37E-81F182FF7D32}"
EndProject
Project("{2150E333-8FDC-42A3-9474-1A3956D46DE8}") = "MediaService", "MediaService", "{1E45B0B0-1187-4F90-8DE3-4CF71BD6484A}"
EndProject
Project("{FAE04EC0-301F-11D3-BF4B-00C04F79EFBC}") = "MediaService.Domain", "MediaService\MediaService.Domain\MediaService.Domain.csproj", "{2DA0ED40-1B87-4D9F-9C16-603012319EFE}"
EndProject
Project("{FAE04EC0-301F-11D3-BF4B-00C04F79EFBC}") = "MediaService.Application", "MediaService\MediaService.Application\MediaService.Application.csproj", "{719FB6BA-9290-4751-B80E-9BF55A689616}"
EndProject
Project("{FAE04EC0-301F-11D3-BF4B-00C04F79EFBC}") = "MediaService.Workers", "MediaService\MediaService.Workers\MediaService.Workers.csproj", "{D0869907-B648-4DD8-8252-8EB4CA0CF853}"
EndProject
Project("{FAE04EC0-301F-11D3-BF4B-00C04F79EFBC}") = "MediaService.Infrastructure", "MediaService\MediaService.Infrastructure\MediaService.Infrastructure.csproj", "{E1458820-4BAB-40B5-9E40-EF721F32876A}"
EndProject
Project("{2150E333-8FDC-42A3-9474-1A3956D46DE8}") = "ThumbnailGenerator", "ThumbnailGenerator", "{24BD65DC-3850-4E13-ABB9-8B7512D78EB0}"
EndProject
Project("{FAE04EC0-301F-11D3-BF4B-00C04F79EFBC}") = "ThumbnailGenerator.Application", "ThumbnailGenerator\ThumbnailGenerator.Application\ThumbnailGenerator.Application.csproj", "{11FBB01B-A047-46A0-8898-33A017AF2ACF}"
EndProject
Project("{FAE04EC0-301F-11D3-BF4B-00C04F79EFBC}") = "ThumbnailGenerator.Infrastructure", "ThumbnailGenerator\ThumbnailGenerator.Infrastructure\ThumbnailGenerator.Infrastructure.csproj", "{C96A83F8-C623-4C0A-B011-390AB0200EA6}"
EndProject
Project("{FAE04EC0-301F-11D3-BF4B-00C04F79EFBC}") = "ThumbnailGenerator.Workers", "ThumbnailGenerator\ThumbnailGenerator.Workers\ThumbnailGenerator.Workers.csproj", "{8D85B18F-343B-4BB0-972A-FCE5132E51AC}"
EndProject
Project("{2150E333-8FDC-42A3-9474-1A3956D46DE8}") = "VideoTranscoder", "VideoTranscoder", "{8D6970E2-E9BD-4CDA-A76B-CDD9FFD1445A}"
EndProject
Project("{FAE04EC0-301F-11D3-BF4B-00C04F79EFBC}") = "VideoTranscoder.Application", "VideoTranscoder\VideoTranscoder.Application\VideoTranscoder.Application.csproj", "{65456B3D-2960-4123-8F59-A6CE6A311171}"
EndProject
Project("{FAE04EC0-301F-11D3-BF4B-00C04F79EFBC}") = "VideoTranscoder.Infrastructure", "VideoTranscoder\VideoTranscoder.Infrastructure\VideoTranscoder.Infrastructure.csproj", "{F394770F-3003-4C74-824E-474409CD7711}"
EndProject
Project("{FAE04EC0-301F-11D3-BF4B-00C04F79EFBC}") = "VideoTranscoder.Worker", "VideoTranscoder\VideoTranscoder.Worker\VideoTranscoder.Worker.csproj", "{BF53302B-9B9E-46F0-9381-530CA4619E2C}"
EndProject
Project("{2150E333-8FDC-42A3-9474-1A3956D46DE8}") = "ContentModerator", "ContentModerator", "{317B9BC1-5A99-4BBB-A345-9D0F75FF09B5}"
EndProject
Project("{FAE04EC0-301F-11D3-BF4B-00C04F79EFBC}") = "ContentModerator.Application", "ContentModerator\ContentModerator.Application\ContentModerator.Application.csproj", "{5354519D-61BD-44AF-BFC2-B23D37AE0B8E}"
EndProject
Project("{FAE04EC0-301F-11D3-BF4B-00C04F79EFBC}") = "ContentModerator.Infrastructure", "ContentModerator\ContentModerator.Infrastructure\ContentModerator.Infrastructure.csproj", "{C96581E0-2F16-4C54-B774-6F5AEB3B6587}"
EndProject
Project("{FAE04EC0-301F-11D3-BF4B-00C04F79EFBC}") = "ContentModerator.Worker", "ContentModerator\ContentModerator.Worker\ContentModerator.Worker.csproj", "{2CC93436-09DE-4BF4-B24B-E3B5F7FA2148}"
EndProject
Project("{2150E333-8FDC-42A3-9474-1A3956D46DE8}") = "MetadataExtractor", "MetadataExtractor", "{B5B62DEB-6E6E-4848-8DDC-B4B4272558D2}"
EndProject
Project("{FAE04EC0-301F-11D3-BF4B-00C04F79EFBC}") = "MetadataExtractor.Application", "MetadataExtractor\MetadataExtractor.Application\MetadataExtractor.Application.csproj", "{DCF8F650-4EE2-4C82-8C8F-35A7F219B97E}"
EndProject
Project("{FAE04EC0-301F-11D3-BF4B-00C04F79EFBC}") = "MetadataExtractor.Infrastructure", "MetadataExtractor\MetadataExtractor.Infrastructure\MetadataExtractor.Infrastructure.csproj", "{E84F6E74-3C76-4B3B-B402-991138A872BB}"
EndProject
Project("{FAE04EC0-301F-11D3-BF4B-00C04F79EFBC}") = "MetadataExtractor.Worker", "MetadataExtractor\MetadataExtractor.Worker\MetadataExtractor.Worker.csproj", "{46F07F00-3AEA-46CC-8AA0-D50354186CE3}"
EndProject
Project("{2150E333-8FDC-42A3-9474-1A3956D46DE8}") = "QueryService", "QueryService", "{D6804BFD-8BD7-4EFB-81AC-13FB3F452267}"
EndProject
Project("{FAE04EC0-301F-11D3-BF4B-00C04F79EFBC}") = "QueryService.Domain", "QueryService\QueryService.Domain\QueryService.Domain.csproj", "{ADC759A0-8038-4A26-8217-9D79FEA1518F}"
EndProject
Project("{FAE04EC0-301F-11D3-BF4B-00C04F79EFBC}") = "QueryService.Application", "QueryService\QueryService.Application\QueryService.Application.csproj", "{B219FA0E-BE18-4800-B561-112C6E3FF105}"
EndProject
Project("{FAE04EC0-301F-11D3-BF4B-00C04F79EFBC}") = "QueryService.Infrastructure", "QueryService\QueryService.Infrastructure\QueryService.Infrastructure.csproj", "{618C7D12-C57F-4190-888D-B88EEFF81594}"
EndProject
Project("{FAE04EC0-301F-11D3-BF4B-00C04F79EFBC}") = "QueryService.Workers", "QueryService\QueryService.Workers\QueryService.Workers.csproj", "{0BE9E75F-5DEC-4DC0-86F0-B5267975A689}"
EndProject
Project("{FAE04EC0-301F-11D3-BF4B-00C04F79EFBC}") = "QueryService.Api", "QueryService\QueryService.Api\QueryService.Api.csproj", "{4E21198F-5B6C-4557-9664-2FF5E7B44B51}"
EndProject
Project("{2150E333-8FDC-42A3-9474-1A3956D46DE8}") = "CommentService", "CommentService", "{B67C5389-9E61-4BB4-9D8A-70BB277BD165}"
EndProject
Project("{FAE04EC0-301F-11D3-BF4B-00C04F79EFBC}") = "CommentService.Domain", "CommentService\CommentService.Domain\CommentService.Domain.csproj", "{CEED7E92-7AC0-4508-9042-E1BC95CA1C6E}"
EndProject
Project("{FAE04EC0-301F-11D3-BF4B-00C04F79EFBC}") = "CommentService.Application", "CommentService\CommentService.Application\CommentService.Application.csproj", "{8DE872B4-EBB5-4672-BDBB-B392F99601E6}"
EndProject
Project("{FAE04EC0-301F-11D3-BF4B-00C04F79EFBC}") = "CommentService.Infrastructure", "CommentService\CommentService.Infrastructure\CommentService.Infrastructure.csproj", "{17ED2733-7775-440E-A8CB-EDDA39992464}"
EndProject
Project("{FAE04EC0-301F-11D3-BF4B-00C04F79EFBC}") = "Comment.Api", "CommentService\Comment.Api\Comment.Api.csproj", "{ADB7B165-4E5C-44C4-A7ED-AD0FDC664E32}"
EndProject
Project("{FAE04EC0-301F-11D3-BF4B-00C04F79EFBC}") = "CommetService.Workers", "CommentService\CommetService.Workers\CommetService.Workers.csproj", "{BC0DE7FC-F319-4A5C-A01A-A8ADC968BF4F}"
EndProject
Project("{2150E333-8FDC-42A3-9474-1A3956D46DE8}") = "Gateway", "Gateway", "{18C0A591-1D3E-4F9C-8450-C6EDE4773A86}"
EndProject
Project("{FAE04EC0-301F-11D3-BF4B-00C04F79EFBC}") = "Gateway", "Gateway\Gateway\Gateway.csproj", "{FF76C9DA-6B76-4FD9-9F19-CCA144958C00}"
EndProject
Project("{2150E333-8FDC-42A3-9474-1A3956D46DE8}") = "UserService", "UserService", "{357E5491-C20A-45D9-AC0B-7B28F0664565}"
EndProject
Project("{FAE04EC0-301F-11D3-BF4B-00C04F79EFBC}") = "UserService.Domain", "UserService\UserService.Domain\UserService.Domain.csproj", "{FDA64AD4-C90C-4071-8234-5A3E8D977E1A}"
EndProject
Project("{FAE04EC0-301F-11D3-BF4B-00C04F79EFBC}") = "UserService.Application", "UserService\UserService.Application\UserService.Application.csproj", "{5E0382D8-960A-40C3-BEFB-17CAFA1612B5}"
EndProject
Project("{FAE04EC0-301F-11D3-BF4B-00C04F79EFBC}") = "UserService.Infrastructure", "UserService\UserService.Infrastructure\UserService.Infrastructure.csproj", "{5B38AEED-FF24-4DB8-887C-4306BB23B8B5}"
EndProject
Project("{FAE04EC0-301F-11D3-BF4B-00C04F79EFBC}") = "UserService.Api", "UserService\UserService.Api\UserService.Api.csproj", "{081AC1D3-1B0C-4721-9375-8F92556FB3DB}"
EndProject
Project("{FAE04EC0-301F-11D3-BF4B-00C04F79EFBC}") = "UserService.Worker", "UserService\UserService.Worker\UserService.Worker.csproj", "{1A2D42EC-8B48-4694-BB92-99FF63545F77}"
EndProject
Project("{2150E333-8FDC-42A3-9474-1A3956D46DE8}") = "src", "src", "{F7E75CF8-F4C5-43B2-BF06-BF767CC140B8}"
EndProject
Project("{FAE04EC0-301F-11D3-BF4B-00C04F79EFBC}") = "PostService.Api", "PostService\src\PostService.Api\PostService.Api.csproj", "{EBF237AF-FD70-6356-18F6-0CE3F28D58D1}"
EndProject
Project("{FAE04EC0-301F-11D3-BF4B-00C04F79EFBC}") = "PostService.Application", "PostService\src\PostService.Application\PostService.Application.csproj", "{976C4FBA-A1BF-AA12-EC26-68405CF1E0AC}"
EndProject
Project("{FAE04EC0-301F-11D3-BF4B-00C04F79EFBC}") = "PostService.Domain", "PostService\src\PostService.Domain\PostService.Domain.csproj", "{40D8C68C-AEE1-64D8-7E8A-3BF909F739F7}"
EndProject
Project("{FAE04EC0-301F-11D3-BF4B-00C04F79EFBC}") = "PostService.Infrastructure", "PostService\src\PostService.Infrastructure\PostService.Infrastructure.csproj", "{5637D2F1-833C-58D5-7C61-6E16721A6F79}"
EndProject
Project("{FAE04EC0-301F-11D3-BF4B-00C04F79EFBC}") = "PostService.Workers", "PostService\src\PostService.Workers\PostService.Workers.csproj", "{394418E7-5AD4-308F-E25B-74CAC02D0443}"
EndProject
Project("{2150E333-8FDC-42A3-9474-1A3956D46DE8}") = "tests", "tests", "{F460F2AC-8E17-4DD4-B49C-D688218DC0AA}"
EndProject
Project("{FAE04EC0-301F-11D3-BF4B-00C04F79EFBC}") = "PostService.Domain.Test", "PostService\tests\PostService.Domain.Test\PostService.Domain.Test.csproj", "{8569AAF1-93F6-43B8-9991-9F295D2ADAC1}"
EndProject
Project("{2150E333-8FDC-42A3-9474-1A3956D46DE8}") = "TokenManager", "TokenManager", "{00AFA2ED-29DC-437D-81BD-387D919AE04A}"
EndProject
Project("{FAE04EC0-301F-11D3-BF4B-00C04F79EFBC}") = "TokenManager", "TokenManager\TokenManager\TokenManager.csproj", "{218410EE-C349-4E1C-85AD-04DDBFF5C84B}"
EndProject
Project("{FAE04EC0-301F-11D3-BF4B-00C04F79EFBC}") = "MetadataExtractor.Api", "MetadataExtractor\MetadataExtractor.Api\MetadataExtractor.Api.csproj", "{386B3AF2-8674-4C3A-9B08-8261CF2B659A}"
EndProject
Project("{FAE04EC0-301F-11D3-BF4B-00C04F79EFBC}") = "ThumbnailGenerator.Api", "ThumbnailGenerator\ThumbnailGenerator.Api\ThumbnailGenerator.Api.csproj", "{5BE7CB5F-CBCC-43DA-A008-BE339BD28B6D}"
EndProject
Project("{FAE04EC0-301F-11D3-BF4B-00C04F79EFBC}") = "VideoTranscoder.Api", "VideoTranscoder\VideoTranscoder.Api\VideoTranscoder.Api.csproj", "{05A93511-077C-4EE1-84E6-F26420AE6A86}"
EndProject
Project("{2150E333-8FDC-42A3-9474-1A3956D46DE8}") = "UserQueryService", "UserQueryService", "{6A49C928-13A2-4A8B-B655-A600975734E0}"
EndProject
Project("{FAE04EC0-301F-11D3-BF4B-00C04F79EFBC}") = "UserQueryService.Domain", "UserQueryService\UserQueryService.Domain\UserQueryService.Domain.csproj", "{B20F5587-9BD7-4ABD-8282-0A8213B389D0}"
EndProject
Project("{FAE04EC0-301F-11D3-BF4B-00C04F79EFBC}") = "UserQueryService.Infrastructure", "UserQueryService\UserQueryService.Infrastructure\UserQueryService.Infrastructure.csproj", "{0F96BD83-621C-432C-8CE1-CDF6CD7B9E0E}"
EndProject
Project("{FAE04EC0-301F-11D3-BF4B-00C04F79EFBC}") = "UserQueryService.Application", "UserQueryService\UserQueryService.Application\UserQueryService.Application.csproj", "{1488259F-BA28-4905-BACA-02E47DC31739}"
EndProject
Project("{FAE04EC0-301F-11D3-BF4B-00C04F79EFBC}") = "UserQueryService.Worker", "UserQueryService\UserQueryService.Worker\UserQueryService.Worker.csproj", "{11A02CC5-2771-4FD4-86D2-7DCE5659698D}"
EndProject
Project("{FAE04EC0-301F-11D3-BF4B-00C04F79EFBC}") = "UserQueryService.Api", "UserQueryService\UserQueryService.Api\UserQueryService.Api.csproj", "{C161FB3F-76CF-4255-B266-7FC563451740}"
EndProject
Global
	GlobalSection(SolutionConfigurationPlatforms) = preSolution
		Debug|Any CPU = Debug|Any CPU
		Release|Any CPU = Release|Any CPU
	EndGlobalSection
	GlobalSection(ProjectConfigurationPlatforms) = postSolution
		{1C4DC52F-2E87-4963-9120-341B27044457}.Debug|Any CPU.ActiveCfg = Debug|Any CPU
		{1C4DC52F-2E87-4963-9120-341B27044457}.Debug|Any CPU.Build.0 = Debug|Any CPU
		{1C4DC52F-2E87-4963-9120-341B27044457}.Release|Any CPU.ActiveCfg = Release|Any CPU
		{1C4DC52F-2E87-4963-9120-341B27044457}.Release|Any CPU.Build.0 = Release|Any CPU
		{EFD0BA2C-8541-41D6-B37E-81F182FF7D32}.Debug|Any CPU.ActiveCfg = Debug|Any CPU
		{EFD0BA2C-8541-41D6-B37E-81F182FF7D32}.Debug|Any CPU.Build.0 = Debug|Any CPU
		{EFD0BA2C-8541-41D6-B37E-81F182FF7D32}.Release|Any CPU.ActiveCfg = Release|Any CPU
		{EFD0BA2C-8541-41D6-B37E-81F182FF7D32}.Release|Any CPU.Build.0 = Release|Any CPU
		{2DA0ED40-1B87-4D9F-9C16-603012319EFE}.Debug|Any CPU.ActiveCfg = Debug|Any CPU
		{2DA0ED40-1B87-4D9F-9C16-603012319EFE}.Debug|Any CPU.Build.0 = Debug|Any CPU
		{2DA0ED40-1B87-4D9F-9C16-603012319EFE}.Release|Any CPU.ActiveCfg = Release|Any CPU
		{2DA0ED40-1B87-4D9F-9C16-603012319EFE}.Release|Any CPU.Build.0 = Release|Any CPU
		{719FB6BA-9290-4751-B80E-9BF55A689616}.Debug|Any CPU.ActiveCfg = Debug|Any CPU
		{719FB6BA-9290-4751-B80E-9BF55A689616}.Debug|Any CPU.Build.0 = Debug|Any CPU
		{719FB6BA-9290-4751-B80E-9BF55A689616}.Release|Any CPU.ActiveCfg = Release|Any CPU
		{719FB6BA-9290-4751-B80E-9BF55A689616}.Release|Any CPU.Build.0 = Release|Any CPU
		{D0869907-B648-4DD8-8252-8EB4CA0CF853}.Debug|Any CPU.ActiveCfg = Debug|Any CPU
		{D0869907-B648-4DD8-8252-8EB4CA0CF853}.Debug|Any CPU.Build.0 = Debug|Any CPU
		{D0869907-B648-4DD8-8252-8EB4CA0CF853}.Release|Any CPU.ActiveCfg = Release|Any CPU
		{D0869907-B648-4DD8-8252-8EB4CA0CF853}.Release|Any CPU.Build.0 = Release|Any CPU
		{E1458820-4BAB-40B5-9E40-EF721F32876A}.Debug|Any CPU.ActiveCfg = Debug|Any CPU
		{E1458820-4BAB-40B5-9E40-EF721F32876A}.Debug|Any CPU.Build.0 = Debug|Any CPU
		{E1458820-4BAB-40B5-9E40-EF721F32876A}.Release|Any CPU.ActiveCfg = Release|Any CPU
		{E1458820-4BAB-40B5-9E40-EF721F32876A}.Release|Any CPU.Build.0 = Release|Any CPU
		{11FBB01B-A047-46A0-8898-33A017AF2ACF}.Debug|Any CPU.ActiveCfg = Debug|Any CPU
		{11FBB01B-A047-46A0-8898-33A017AF2ACF}.Debug|Any CPU.Build.0 = Debug|Any CPU
		{11FBB01B-A047-46A0-8898-33A017AF2ACF}.Release|Any CPU.ActiveCfg = Release|Any CPU
		{11FBB01B-A047-46A0-8898-33A017AF2ACF}.Release|Any CPU.Build.0 = Release|Any CPU
		{C96A83F8-C623-4C0A-B011-390AB0200EA6}.Debug|Any CPU.ActiveCfg = Debug|Any CPU
		{C96A83F8-C623-4C0A-B011-390AB0200EA6}.Debug|Any CPU.Build.0 = Debug|Any CPU
		{C96A83F8-C623-4C0A-B011-390AB0200EA6}.Release|Any CPU.ActiveCfg = Release|Any CPU
		{C96A83F8-C623-4C0A-B011-390AB0200EA6}.Release|Any CPU.Build.0 = Release|Any CPU
		{8D85B18F-343B-4BB0-972A-FCE5132E51AC}.Debug|Any CPU.ActiveCfg = Debug|Any CPU
		{8D85B18F-343B-4BB0-972A-FCE5132E51AC}.Debug|Any CPU.Build.0 = Debug|Any CPU
		{8D85B18F-343B-4BB0-972A-FCE5132E51AC}.Release|Any CPU.ActiveCfg = Release|Any CPU
		{8D85B18F-343B-4BB0-972A-FCE5132E51AC}.Release|Any CPU.Build.0 = Release|Any CPU
		{65456B3D-2960-4123-8F59-A6CE6A311171}.Debug|Any CPU.ActiveCfg = Debug|Any CPU
		{65456B3D-2960-4123-8F59-A6CE6A311171}.Debug|Any CPU.Build.0 = Debug|Any CPU
		{65456B3D-2960-4123-8F59-A6CE6A311171}.Release|Any CPU.ActiveCfg = Release|Any CPU
		{65456B3D-2960-4123-8F59-A6CE6A311171}.Release|Any CPU.Build.0 = Release|Any CPU
		{F394770F-3003-4C74-824E-474409CD7711}.Debug|Any CPU.ActiveCfg = Debug|Any CPU
		{F394770F-3003-4C74-824E-474409CD7711}.Debug|Any CPU.Build.0 = Debug|Any CPU
		{F394770F-3003-4C74-824E-474409CD7711}.Release|Any CPU.ActiveCfg = Release|Any CPU
		{F394770F-3003-4C74-824E-474409CD7711}.Release|Any CPU.Build.0 = Release|Any CPU
		{BF53302B-9B9E-46F0-9381-530CA4619E2C}.Debug|Any CPU.ActiveCfg = Debug|Any CPU
		{BF53302B-9B9E-46F0-9381-530CA4619E2C}.Debug|Any CPU.Build.0 = Debug|Any CPU
		{BF53302B-9B9E-46F0-9381-530CA4619E2C}.Release|Any CPU.ActiveCfg = Release|Any CPU
		{BF53302B-9B9E-46F0-9381-530CA4619E2C}.Release|Any CPU.Build.0 = Release|Any CPU
		{5354519D-61BD-44AF-BFC2-B23D37AE0B8E}.Debug|Any CPU.ActiveCfg = Debug|Any CPU
		{5354519D-61BD-44AF-BFC2-B23D37AE0B8E}.Debug|Any CPU.Build.0 = Debug|Any CPU
		{5354519D-61BD-44AF-BFC2-B23D37AE0B8E}.Release|Any CPU.ActiveCfg = Release|Any CPU
		{5354519D-61BD-44AF-BFC2-B23D37AE0B8E}.Release|Any CPU.Build.0 = Release|Any CPU
		{C96581E0-2F16-4C54-B774-6F5AEB3B6587}.Debug|Any CPU.ActiveCfg = Debug|Any CPU
		{C96581E0-2F16-4C54-B774-6F5AEB3B6587}.Debug|Any CPU.Build.0 = Debug|Any CPU
		{C96581E0-2F16-4C54-B774-6F5AEB3B6587}.Release|Any CPU.ActiveCfg = Release|Any CPU
		{C96581E0-2F16-4C54-B774-6F5AEB3B6587}.Release|Any CPU.Build.0 = Release|Any CPU
		{2CC93436-09DE-4BF4-B24B-E3B5F7FA2148}.Debug|Any CPU.ActiveCfg = Debug|Any CPU
		{2CC93436-09DE-4BF4-B24B-E3B5F7FA2148}.Debug|Any CPU.Build.0 = Debug|Any CPU
		{2CC93436-09DE-4BF4-B24B-E3B5F7FA2148}.Release|Any CPU.ActiveCfg = Release|Any CPU
		{2CC93436-09DE-4BF4-B24B-E3B5F7FA2148}.Release|Any CPU.Build.0 = Release|Any CPU
		{DCF8F650-4EE2-4C82-8C8F-35A7F219B97E}.Debug|Any CPU.ActiveCfg = Debug|Any CPU
		{DCF8F650-4EE2-4C82-8C8F-35A7F219B97E}.Debug|Any CPU.Build.0 = Debug|Any CPU
		{DCF8F650-4EE2-4C82-8C8F-35A7F219B97E}.Release|Any CPU.ActiveCfg = Release|Any CPU
		{DCF8F650-4EE2-4C82-8C8F-35A7F219B97E}.Release|Any CPU.Build.0 = Release|Any CPU
		{E84F6E74-3C76-4B3B-B402-991138A872BB}.Debug|Any CPU.ActiveCfg = Debug|Any CPU
		{E84F6E74-3C76-4B3B-B402-991138A872BB}.Debug|Any CPU.Build.0 = Debug|Any CPU
		{E84F6E74-3C76-4B3B-B402-991138A872BB}.Release|Any CPU.ActiveCfg = Release|Any CPU
		{E84F6E74-3C76-4B3B-B402-991138A872BB}.Release|Any CPU.Build.0 = Release|Any CPU
		{46F07F00-3AEA-46CC-8AA0-D50354186CE3}.Debug|Any CPU.ActiveCfg = Debug|Any CPU
		{46F07F00-3AEA-46CC-8AA0-D50354186CE3}.Debug|Any CPU.Build.0 = Debug|Any CPU
		{46F07F00-3AEA-46CC-8AA0-D50354186CE3}.Release|Any CPU.ActiveCfg = Release|Any CPU
		{46F07F00-3AEA-46CC-8AA0-D50354186CE3}.Release|Any CPU.Build.0 = Release|Any CPU
		{ADC759A0-8038-4A26-8217-9D79FEA1518F}.Debug|Any CPU.ActiveCfg = Debug|Any CPU
		{ADC759A0-8038-4A26-8217-9D79FEA1518F}.Debug|Any CPU.Build.0 = Debug|Any CPU
		{ADC759A0-8038-4A26-8217-9D79FEA1518F}.Release|Any CPU.ActiveCfg = Release|Any CPU
		{ADC759A0-8038-4A26-8217-9D79FEA1518F}.Release|Any CPU.Build.0 = Release|Any CPU
		{B219FA0E-BE18-4800-B561-112C6E3FF105}.Debug|Any CPU.ActiveCfg = Debug|Any CPU
		{B219FA0E-BE18-4800-B561-112C6E3FF105}.Debug|Any CPU.Build.0 = Debug|Any CPU
		{B219FA0E-BE18-4800-B561-112C6E3FF105}.Release|Any CPU.ActiveCfg = Release|Any CPU
		{B219FA0E-BE18-4800-B561-112C6E3FF105}.Release|Any CPU.Build.0 = Release|Any CPU
		{618C7D12-C57F-4190-888D-B88EEFF81594}.Debug|Any CPU.ActiveCfg = Debug|Any CPU
		{618C7D12-C57F-4190-888D-B88EEFF81594}.Debug|Any CPU.Build.0 = Debug|Any CPU
		{618C7D12-C57F-4190-888D-B88EEFF81594}.Release|Any CPU.ActiveCfg = Release|Any CPU
		{618C7D12-C57F-4190-888D-B88EEFF81594}.Release|Any CPU.Build.0 = Release|Any CPU
		{0BE9E75F-5DEC-4DC0-86F0-B5267975A689}.Debug|Any CPU.ActiveCfg = Debug|Any CPU
		{0BE9E75F-5DEC-4DC0-86F0-B5267975A689}.Debug|Any CPU.Build.0 = Debug|Any CPU
		{0BE9E75F-5DEC-4DC0-86F0-B5267975A689}.Release|Any CPU.ActiveCfg = Release|Any CPU
		{0BE9E75F-5DEC-4DC0-86F0-B5267975A689}.Release|Any CPU.Build.0 = Release|Any CPU
		{4E21198F-5B6C-4557-9664-2FF5E7B44B51}.Debug|Any CPU.ActiveCfg = Debug|Any CPU
		{4E21198F-5B6C-4557-9664-2FF5E7B44B51}.Debug|Any CPU.Build.0 = Debug|Any CPU
		{4E21198F-5B6C-4557-9664-2FF5E7B44B51}.Release|Any CPU.ActiveCfg = Release|Any CPU
		{4E21198F-5B6C-4557-9664-2FF5E7B44B51}.Release|Any CPU.Build.0 = Release|Any CPU
		{CEED7E92-7AC0-4508-9042-E1BC95CA1C6E}.Debug|Any CPU.ActiveCfg = Debug|Any CPU
		{CEED7E92-7AC0-4508-9042-E1BC95CA1C6E}.Debug|Any CPU.Build.0 = Debug|Any CPU
		{CEED7E92-7AC0-4508-9042-E1BC95CA1C6E}.Release|Any CPU.ActiveCfg = Release|Any CPU
		{CEED7E92-7AC0-4508-9042-E1BC95CA1C6E}.Release|Any CPU.Build.0 = Release|Any CPU
		{8DE872B4-EBB5-4672-BDBB-B392F99601E6}.Debug|Any CPU.ActiveCfg = Debug|Any CPU
		{8DE872B4-EBB5-4672-BDBB-B392F99601E6}.Debug|Any CPU.Build.0 = Debug|Any CPU
		{8DE872B4-EBB5-4672-BDBB-B392F99601E6}.Release|Any CPU.ActiveCfg = Release|Any CPU
		{8DE872B4-EBB5-4672-BDBB-B392F99601E6}.Release|Any CPU.Build.0 = Release|Any CPU
		{17ED2733-7775-440E-A8CB-EDDA39992464}.Debug|Any CPU.ActiveCfg = Debug|Any CPU
		{17ED2733-7775-440E-A8CB-EDDA39992464}.Debug|Any CPU.Build.0 = Debug|Any CPU
		{17ED2733-7775-440E-A8CB-EDDA39992464}.Release|Any CPU.ActiveCfg = Release|Any CPU
		{17ED2733-7775-440E-A8CB-EDDA39992464}.Release|Any CPU.Build.0 = Release|Any CPU
		{ADB7B165-4E5C-44C4-A7ED-AD0FDC664E32}.Debug|Any CPU.ActiveCfg = Debug|Any CPU
		{ADB7B165-4E5C-44C4-A7ED-AD0FDC664E32}.Debug|Any CPU.Build.0 = Debug|Any CPU
		{ADB7B165-4E5C-44C4-A7ED-AD0FDC664E32}.Release|Any CPU.ActiveCfg = Release|Any CPU
		{ADB7B165-4E5C-44C4-A7ED-AD0FDC664E32}.Release|Any CPU.Build.0 = Release|Any CPU
		{BC0DE7FC-F319-4A5C-A01A-A8ADC968BF4F}.Debug|Any CPU.ActiveCfg = Debug|Any CPU
		{BC0DE7FC-F319-4A5C-A01A-A8ADC968BF4F}.Debug|Any CPU.Build.0 = Debug|Any CPU
		{BC0DE7FC-F319-4A5C-A01A-A8ADC968BF4F}.Release|Any CPU.ActiveCfg = Release|Any CPU
		{BC0DE7FC-F319-4A5C-A01A-A8ADC968BF4F}.Release|Any CPU.Build.0 = Release|Any CPU
		{FF76C9DA-6B76-4FD9-9F19-CCA144958C00}.Debug|Any CPU.ActiveCfg = Debug|Any CPU
		{FF76C9DA-6B76-4FD9-9F19-CCA144958C00}.Debug|Any CPU.Build.0 = Debug|Any CPU
		{FF76C9DA-6B76-4FD9-9F19-CCA144958C00}.Release|Any CPU.ActiveCfg = Release|Any CPU
		{FF76C9DA-6B76-4FD9-9F19-CCA144958C00}.Release|Any CPU.Build.0 = Release|Any CPU
		{FDA64AD4-C90C-4071-8234-5A3E8D977E1A}.Debug|Any CPU.ActiveCfg = Debug|Any CPU
		{FDA64AD4-C90C-4071-8234-5A3E8D977E1A}.Debug|Any CPU.Build.0 = Debug|Any CPU
		{FDA64AD4-C90C-4071-8234-5A3E8D977E1A}.Release|Any CPU.ActiveCfg = Release|Any CPU
		{FDA64AD4-C90C-4071-8234-5A3E8D977E1A}.Release|Any CPU.Build.0 = Release|Any CPU
		{5E0382D8-960A-40C3-BEFB-17CAFA1612B5}.Debug|Any CPU.ActiveCfg = Debug|Any CPU
		{5E0382D8-960A-40C3-BEFB-17CAFA1612B5}.Debug|Any CPU.Build.0 = Debug|Any CPU
		{5E0382D8-960A-40C3-BEFB-17CAFA1612B5}.Release|Any CPU.ActiveCfg = Release|Any CPU
		{5E0382D8-960A-40C3-BEFB-17CAFA1612B5}.Release|Any CPU.Build.0 = Release|Any CPU
		{5B38AEED-FF24-4DB8-887C-4306BB23B8B5}.Debug|Any CPU.ActiveCfg = Debug|Any CPU
		{5B38AEED-FF24-4DB8-887C-4306BB23B8B5}.Debug|Any CPU.Build.0 = Debug|Any CPU
		{5B38AEED-FF24-4DB8-887C-4306BB23B8B5}.Release|Any CPU.ActiveCfg = Release|Any CPU
		{5B38AEED-FF24-4DB8-887C-4306BB23B8B5}.Release|Any CPU.Build.0 = Release|Any CPU
		{081AC1D3-1B0C-4721-9375-8F92556FB3DB}.Debug|Any CPU.ActiveCfg = Debug|Any CPU
		{081AC1D3-1B0C-4721-9375-8F92556FB3DB}.Debug|Any CPU.Build.0 = Debug|Any CPU
		{081AC1D3-1B0C-4721-9375-8F92556FB3DB}.Release|Any CPU.ActiveCfg = Release|Any CPU
		{081AC1D3-1B0C-4721-9375-8F92556FB3DB}.Release|Any CPU.Build.0 = Release|Any CPU
		{1A2D42EC-8B48-4694-BB92-99FF63545F77}.Debug|Any CPU.ActiveCfg = Debug|Any CPU
		{1A2D42EC-8B48-4694-BB92-99FF63545F77}.Debug|Any CPU.Build.0 = Debug|Any CPU
		{1A2D42EC-8B48-4694-BB92-99FF63545F77}.Release|Any CPU.ActiveCfg = Release|Any CPU
		{1A2D42EC-8B48-4694-BB92-99FF63545F77}.Release|Any CPU.Build.0 = Release|Any CPU
		{EBF237AF-FD70-6356-18F6-0CE3F28D58D1}.Debug|Any CPU.ActiveCfg = Debug|Any CPU
		{EBF237AF-FD70-6356-18F6-0CE3F28D58D1}.Debug|Any CPU.Build.0 = Debug|Any CPU
		{EBF237AF-FD70-6356-18F6-0CE3F28D58D1}.Release|Any CPU.ActiveCfg = Release|Any CPU
		{EBF237AF-FD70-6356-18F6-0CE3F28D58D1}.Release|Any CPU.Build.0 = Release|Any CPU
		{976C4FBA-A1BF-AA12-EC26-68405CF1E0AC}.Debug|Any CPU.ActiveCfg = Debug|Any CPU
		{976C4FBA-A1BF-AA12-EC26-68405CF1E0AC}.Debug|Any CPU.Build.0 = Debug|Any CPU
		{976C4FBA-A1BF-AA12-EC26-68405CF1E0AC}.Release|Any CPU.ActiveCfg = Release|Any CPU
		{976C4FBA-A1BF-AA12-EC26-68405CF1E0AC}.Release|Any CPU.Build.0 = Release|Any CPU
		{40D8C68C-AEE1-64D8-7E8A-3BF909F739F7}.Debug|Any CPU.ActiveCfg = Debug|Any CPU
		{40D8C68C-AEE1-64D8-7E8A-3BF909F739F7}.Debug|Any CPU.Build.0 = Debug|Any CPU
		{40D8C68C-AEE1-64D8-7E8A-3BF909F739F7}.Release|Any CPU.ActiveCfg = Release|Any CPU
		{40D8C68C-AEE1-64D8-7E8A-3BF909F739F7}.Release|Any CPU.Build.0 = Release|Any CPU
		{5637D2F1-833C-58D5-7C61-6E16721A6F79}.Debug|Any CPU.ActiveCfg = Debug|Any CPU
		{5637D2F1-833C-58D5-7C61-6E16721A6F79}.Debug|Any CPU.Build.0 = Debug|Any CPU
		{5637D2F1-833C-58D5-7C61-6E16721A6F79}.Release|Any CPU.ActiveCfg = Release|Any CPU
		{5637D2F1-833C-58D5-7C61-6E16721A6F79}.Release|Any CPU.Build.0 = Release|Any CPU
		{394418E7-5AD4-308F-E25B-74CAC02D0443}.Debug|Any CPU.ActiveCfg = Debug|Any CPU
		{394418E7-5AD4-308F-E25B-74CAC02D0443}.Debug|Any CPU.Build.0 = Debug|Any CPU
		{394418E7-5AD4-308F-E25B-74CAC02D0443}.Release|Any CPU.ActiveCfg = Release|Any CPU
		{394418E7-5AD4-308F-E25B-74CAC02D0443}.Release|Any CPU.Build.0 = Release|Any CPU
		{8569AAF1-93F6-43B8-9991-9F295D2ADAC1}.Debug|Any CPU.ActiveCfg = Debug|Any CPU
		{8569AAF1-93F6-43B8-9991-9F295D2ADAC1}.Debug|Any CPU.Build.0 = Debug|Any CPU
		{8569AAF1-93F6-43B8-9991-9F295D2ADAC1}.Release|Any CPU.ActiveCfg = Release|Any CPU
		{8569AAF1-93F6-43B8-9991-9F295D2ADAC1}.Release|Any CPU.Build.0 = Release|Any CPU
		{218410EE-C349-4E1C-85AD-04DDBFF5C84B}.Debug|Any CPU.ActiveCfg = Debug|Any CPU
		{218410EE-C349-4E1C-85AD-04DDBFF5C84B}.Debug|Any CPU.Build.0 = Debug|Any CPU
		{218410EE-C349-4E1C-85AD-04DDBFF5C84B}.Release|Any CPU.ActiveCfg = Release|Any CPU
		{218410EE-C349-4E1C-85AD-04DDBFF5C84B}.Release|Any CPU.Build.0 = Release|Any CPU
		{386B3AF2-8674-4C3A-9B08-8261CF2B659A}.Debug|Any CPU.ActiveCfg = Debug|Any CPU
		{386B3AF2-8674-4C3A-9B08-8261CF2B659A}.Debug|Any CPU.Build.0 = Debug|Any CPU
		{386B3AF2-8674-4C3A-9B08-8261CF2B659A}.Release|Any CPU.ActiveCfg = Release|Any CPU
		{386B3AF2-8674-4C3A-9B08-8261CF2B659A}.Release|Any CPU.Build.0 = Release|Any CPU
		{5BE7CB5F-CBCC-43DA-A008-BE339BD28B6D}.Debug|Any CPU.ActiveCfg = Debug|Any CPU
		{5BE7CB5F-CBCC-43DA-A008-BE339BD28B6D}.Debug|Any CPU.Build.0 = Debug|Any CPU
		{5BE7CB5F-CBCC-43DA-A008-BE339BD28B6D}.Release|Any CPU.ActiveCfg = Release|Any CPU
		{5BE7CB5F-CBCC-43DA-A008-BE339BD28B6D}.Release|Any CPU.Build.0 = Release|Any CPU
		{05A93511-077C-4EE1-84E6-F26420AE6A86}.Debug|Any CPU.ActiveCfg = Debug|Any CPU
		{05A93511-077C-4EE1-84E6-F26420AE6A86}.Debug|Any CPU.Build.0 = Debug|Any CPU
		{05A93511-077C-4EE1-84E6-F26420AE6A86}.Release|Any CPU.ActiveCfg = Release|Any CPU
		{05A93511-077C-4EE1-84E6-F26420AE6A86}.Release|Any CPU.Build.0 = Release|Any CPU
		{B20F5587-9BD7-4ABD-8282-0A8213B389D0}.Debug|Any CPU.ActiveCfg = Debug|Any CPU
		{B20F5587-9BD7-4ABD-8282-0A8213B389D0}.Debug|Any CPU.Build.0 = Debug|Any CPU
		{B20F5587-9BD7-4ABD-8282-0A8213B389D0}.Release|Any CPU.ActiveCfg = Release|Any CPU
		{B20F5587-9BD7-4ABD-8282-0A8213B389D0}.Release|Any CPU.Build.0 = Release|Any CPU
		{0F96BD83-621C-432C-8CE1-CDF6CD7B9E0E}.Debug|Any CPU.ActiveCfg = Debug|Any CPU
		{0F96BD83-621C-432C-8CE1-CDF6CD7B9E0E}.Debug|Any CPU.Build.0 = Debug|Any CPU
		{0F96BD83-621C-432C-8CE1-CDF6CD7B9E0E}.Release|Any CPU.ActiveCfg = Release|Any CPU
		{0F96BD83-621C-432C-8CE1-CDF6CD7B9E0E}.Release|Any CPU.Build.0 = Release|Any CPU
		{1488259F-BA28-4905-BACA-02E47DC31739}.Debug|Any CPU.ActiveCfg = Debug|Any CPU
		{1488259F-BA28-4905-BACA-02E47DC31739}.Debug|Any CPU.Build.0 = Debug|Any CPU
		{1488259F-BA28-4905-BACA-02E47DC31739}.Release|Any CPU.ActiveCfg = Release|Any CPU
		{1488259F-BA28-4905-BACA-02E47DC31739}.Release|Any CPU.Build.0 = Release|Any CPU
		{11A02CC5-2771-4FD4-86D2-7DCE5659698D}.Debug|Any CPU.ActiveCfg = Debug|Any CPU
		{11A02CC5-2771-4FD4-86D2-7DCE5659698D}.Debug|Any CPU.Build.0 = Debug|Any CPU
		{11A02CC5-2771-4FD4-86D2-7DCE5659698D}.Release|Any CPU.ActiveCfg = Release|Any CPU
		{11A02CC5-2771-4FD4-86D2-7DCE5659698D}.Release|Any CPU.Build.0 = Release|Any CPU
		{C161FB3F-76CF-4255-B266-7FC563451740}.Debug|Any CPU.ActiveCfg = Debug|Any CPU
		{C161FB3F-76CF-4255-B266-7FC563451740}.Debug|Any CPU.Build.0 = Debug|Any CPU
		{C161FB3F-76CF-4255-B266-7FC563451740}.Release|Any CPU.ActiveCfg = Release|Any CPU
		{C161FB3F-76CF-4255-B266-7FC563451740}.Release|Any CPU.Build.0 = Release|Any CPU
	EndGlobalSection
	GlobalSection(SolutionProperties) = preSolution
		HideSolutionNode = FALSE
	EndGlobalSection
	GlobalSection(NestedProjects) = preSolution
		{1C4DC52F-2E87-4963-9120-341B27044457} = {44190F96-4EED-4AE7-92FC-1255F0D865D9}
		{2DA0ED40-1B87-4D9F-9C16-603012319EFE} = {1E45B0B0-1187-4F90-8DE3-4CF71BD6484A}
		{719FB6BA-9290-4751-B80E-9BF55A689616} = {1E45B0B0-1187-4F90-8DE3-4CF71BD6484A}
		{D0869907-B648-4DD8-8252-8EB4CA0CF853} = {1E45B0B0-1187-4F90-8DE3-4CF71BD6484A}
		{E1458820-4BAB-40B5-9E40-EF721F32876A} = {1E45B0B0-1187-4F90-8DE3-4CF71BD6484A}
		{11FBB01B-A047-46A0-8898-33A017AF2ACF} = {24BD65DC-3850-4E13-ABB9-8B7512D78EB0}
		{C96A83F8-C623-4C0A-B011-390AB0200EA6} = {24BD65DC-3850-4E13-ABB9-8B7512D78EB0}
		{8D85B18F-343B-4BB0-972A-FCE5132E51AC} = {24BD65DC-3850-4E13-ABB9-8B7512D78EB0}
		{65456B3D-2960-4123-8F59-A6CE6A311171} = {8D6970E2-E9BD-4CDA-A76B-CDD9FFD1445A}
		{F394770F-3003-4C74-824E-474409CD7711} = {8D6970E2-E9BD-4CDA-A76B-CDD9FFD1445A}
		{BF53302B-9B9E-46F0-9381-530CA4619E2C} = {8D6970E2-E9BD-4CDA-A76B-CDD9FFD1445A}
		{5354519D-61BD-44AF-BFC2-B23D37AE0B8E} = {317B9BC1-5A99-4BBB-A345-9D0F75FF09B5}
		{C96581E0-2F16-4C54-B774-6F5AEB3B6587} = {317B9BC1-5A99-4BBB-A345-9D0F75FF09B5}
		{2CC93436-09DE-4BF4-B24B-E3B5F7FA2148} = {317B9BC1-5A99-4BBB-A345-9D0F75FF09B5}
		{DCF8F650-4EE2-4C82-8C8F-35A7F219B97E} = {B5B62DEB-6E6E-4848-8DDC-B4B4272558D2}
		{E84F6E74-3C76-4B3B-B402-991138A872BB} = {B5B62DEB-6E6E-4848-8DDC-B4B4272558D2}
		{46F07F00-3AEA-46CC-8AA0-D50354186CE3} = {B5B62DEB-6E6E-4848-8DDC-B4B4272558D2}
		{ADC759A0-8038-4A26-8217-9D79FEA1518F} = {D6804BFD-8BD7-4EFB-81AC-13FB3F452267}
		{B219FA0E-BE18-4800-B561-112C6E3FF105} = {D6804BFD-8BD7-4EFB-81AC-13FB3F452267}
		{618C7D12-C57F-4190-888D-B88EEFF81594} = {D6804BFD-8BD7-4EFB-81AC-13FB3F452267}
		{0BE9E75F-5DEC-4DC0-86F0-B5267975A689} = {D6804BFD-8BD7-4EFB-81AC-13FB3F452267}
		{4E21198F-5B6C-4557-9664-2FF5E7B44B51} = {D6804BFD-8BD7-4EFB-81AC-13FB3F452267}
		{CEED7E92-7AC0-4508-9042-E1BC95CA1C6E} = {B67C5389-9E61-4BB4-9D8A-70BB277BD165}
		{8DE872B4-EBB5-4672-BDBB-B392F99601E6} = {B67C5389-9E61-4BB4-9D8A-70BB277BD165}
		{17ED2733-7775-440E-A8CB-EDDA39992464} = {B67C5389-9E61-4BB4-9D8A-70BB277BD165}
		{ADB7B165-4E5C-44C4-A7ED-AD0FDC664E32} = {B67C5389-9E61-4BB4-9D8A-70BB277BD165}
		{BC0DE7FC-F319-4A5C-A01A-A8ADC968BF4F} = {B67C5389-9E61-4BB4-9D8A-70BB277BD165}
		{FF76C9DA-6B76-4FD9-9F19-CCA144958C00} = {18C0A591-1D3E-4F9C-8450-C6EDE4773A86}
		{FDA64AD4-C90C-4071-8234-5A3E8D977E1A} = {357E5491-C20A-45D9-AC0B-7B28F0664565}
		{5E0382D8-960A-40C3-BEFB-17CAFA1612B5} = {357E5491-C20A-45D9-AC0B-7B28F0664565}
		{5B38AEED-FF24-4DB8-887C-4306BB23B8B5} = {357E5491-C20A-45D9-AC0B-7B28F0664565}
		{081AC1D3-1B0C-4721-9375-8F92556FB3DB} = {357E5491-C20A-45D9-AC0B-7B28F0664565}
		{1A2D42EC-8B48-4694-BB92-99FF63545F77} = {357E5491-C20A-45D9-AC0B-7B28F0664565}
		{F7E75CF8-F4C5-43B2-BF06-BF767CC140B8} = {02EA681E-C7D8-13C7-8484-4AC65E1B71E8}
		{EBF237AF-FD70-6356-18F6-0CE3F28D58D1} = {F7E75CF8-F4C5-43B2-BF06-BF767CC140B8}
		{976C4FBA-A1BF-AA12-EC26-68405CF1E0AC} = {F7E75CF8-F4C5-43B2-BF06-BF767CC140B8}
		{40D8C68C-AEE1-64D8-7E8A-3BF909F739F7} = {F7E75CF8-F4C5-43B2-BF06-BF767CC140B8}
		{5637D2F1-833C-58D5-7C61-6E16721A6F79} = {F7E75CF8-F4C5-43B2-BF06-BF767CC140B8}
		{394418E7-5AD4-308F-E25B-74CAC02D0443} = {F7E75CF8-F4C5-43B2-BF06-BF767CC140B8}
		{F460F2AC-8E17-4DD4-B49C-D688218DC0AA} = {02EA681E-C7D8-13C7-8484-4AC65E1B71E8}
		{8569AAF1-93F6-43B8-9991-9F295D2ADAC1} = {F460F2AC-8E17-4DD4-B49C-D688218DC0AA}
		{218410EE-C349-4E1C-85AD-04DDBFF5C84B} = {00AFA2ED-29DC-437D-81BD-387D919AE04A}
		{386B3AF2-8674-4C3A-9B08-8261CF2B659A} = {B5B62DEB-6E6E-4848-8DDC-B4B4272558D2}
		{5BE7CB5F-CBCC-43DA-A008-BE339BD28B6D} = {24BD65DC-3850-4E13-ABB9-8B7512D78EB0}
		{05A93511-077C-4EE1-84E6-F26420AE6A86} = {8D6970E2-E9BD-4CDA-A76B-CDD9FFD1445A}
		{B20F5587-9BD7-4ABD-8282-0A8213B389D0} = {6A49C928-13A2-4A8B-B655-A600975734E0}
		{0F96BD83-621C-432C-8CE1-CDF6CD7B9E0E} = {6A49C928-13A2-4A8B-B655-A600975734E0}
		{1488259F-BA28-4905-BACA-02E47DC31739} = {6A49C928-13A2-4A8B-B655-A600975734E0}
		{11A02CC5-2771-4FD4-86D2-7DCE5659698D} = {6A49C928-13A2-4A8B-B655-A600975734E0}
		{C161FB3F-76CF-4255-B266-7FC563451740} = {6A49C928-13A2-4A8B-B655-A600975734E0}
	EndGlobalSection
	GlobalSection(ExtensibilityGlobals) = postSolution
		SolutionGuid = {E394BB55-5333-4ABF-B4E9-BEAC4395597E}
	EndGlobalSection
EndGlobal
